// !$*UTF8*$!
{
	archiveVersion = 1;
	classes = {
	};
	objectVersion = 46;
	objects = {

/* Begin PBXBuildFile section */
		8B36856F19FB592900CF35D2 /* AppDelegate.m in Sources */ = {isa = PBXBuildFile; fileRef = 8B36856E19FB592900CF35D2 /* AppDelegate.m */; };
		8B36857119FB592900CF35D2 /* main.m in Sources */ = {isa = PBXBuildFile; fileRef = 8B36857019FB592900CF35D2 /* main.m */; };
		8B36857419FB592900CF35D2 /* ViewController.m in Sources */ = {isa = PBXBuildFile; fileRef = 8B36857319FB592900CF35D2 /* ViewController.m */; };
		8B36857619FB592900CF35D2 /* Images.xcassets in Resources */ = {isa = PBXBuildFile; fileRef = 8B36857519FB592900CF35D2 /* Images.xcassets */; };
		8B36857919FB592900CF35D2 /* Main.storyboard in Resources */ = {isa = PBXBuildFile; fileRef = 8B36857719FB592900CF35D2 /* Main.storyboard */; };
		8B36858519FB592900CF35D2 /* DialPadTests.m in Sources */ = {isa = PBXBuildFile; fileRef = 8B36858419FB592900CF35D2 /* DialPadTests.m */; };
/* End PBXBuildFile section */

/* Begin PBXContainerItemProxy section */
		8B36857F19FB592900CF35D2 /* PBXContainerItemProxy */ = {
			isa = PBXContainerItemProxy;
			containerPortal = 8B36856019FB592900CF35D2 /* Project object */;
			proxyType = 1;
			remoteGlobalIDString = 8B36856719FB592900CF35D2;
			remoteInfo = DialPad;
		};
/* End PBXContainerItemProxy section */

/* Begin PBXFileReference section */
		8B36856819FB592900CF35D2 /* DialPad.app */ = {isa = PBXFileReference; explicitFileType = wrapper.application; includeInIndex = 0; path = DialPad.app; sourceTree = BUILT_PRODUCTS_DIR; };
		8B36856C19FB592900CF35D2 /* Info.plist */ = {isa = PBXFileReference; lastKnownFileType = text.plist.xml; path = Info.plist; sourceTree = "<group>"; };
		8B36856D19FB592900CF35D2 /* AppDelegate.h */ = {isa = PBXFileReference; lastKnownFileType = sourcecode.c.h; path = AppDelegate.h; sourceTree = "<group>"; };
		8B36856E19FB592900CF35D2 /* AppDelegate.m */ = {isa = PBXFileReference; lastKnownFileType = sourcecode.c.objc; path = AppDelegate.m; sourceTree = "<group>"; };
		8B36857019FB592900CF35D2 /* main.m */ = {isa = PBXFileReference; lastKnownFileType = sourcecode.c.objc; path = main.m; sourceTree = "<group>"; };
		8B36857219FB592900CF35D2 /* ViewController.h */ = {isa = PBXFileReference; lastKnownFileType = sourcecode.c.h; path = ViewController.h; sourceTree = "<group>"; };
		8B36857319FB592900CF35D2 /* ViewController.m */ = {isa = PBXFileReference; lastKnownFileType = sourcecode.c.objc; path = ViewController.m; sourceTree = "<group>"; };
		8B36857519FB592900CF35D2 /* Images.xcassets */ = {isa = PBXFileReference; lastKnownFileType = folder.assetcatalog; path = Images.xcassets; sourceTree = "<group>"; };
		8B36857819FB592900CF35D2 /* Base */ = {isa = PBXFileReference; lastKnownFileType = file.storyboard; name = Base; path = Base.lproj/Main.storyboard; sourceTree = "<group>"; };
		8B36857E19FB592900CF35D2 /* DialPadTests.xctest */ = {isa = PBXFileReference; explicitFileType = wrapper.cfbundle; includeInIndex = 0; path = DialPadTests.xctest; sourceTree = BUILT_PRODUCTS_DIR; };
		8B36858319FB592900CF35D2 /* Info.plist */ = {isa = PBXFileReference; lastKnownFileType = text.plist.xml; path = Info.plist; sourceTree = "<group>"; };
		8B36858419FB592900CF35D2 /* DialPadTests.m */ = {isa = PBXFileReference; lastKnownFileType = sourcecode.c.objc; path = DialPadTests.m; sourceTree = "<group>"; };
/* End PBXFileReference section */

/* Begin PBXFrameworksBuildPhase section */
		8B36856519FB592900CF35D2 /* Frameworks */ = {
			isa = PBXFrameworksBuildPhase;
			buildActionMask = 2147483647;
			files = (
			);
			runOnlyForDeploymentPostprocessing = 0;
		};
		8B36857B19FB592900CF35D2 /* Frameworks */ = {
			isa = PBXFrameworksBuildPhase;
			buildActionMask = 2147483647;
			files = (
			);
			runOnlyForDeploymentPostprocessing = 0;
		};
/* End PBXFrameworksBuildPhase section */

/* Begin PBXGroup section */
		8B36855F19FB592900CF35D2 = {
			isa = PBXGroup;
			children = (
				8B36856A19FB592900CF35D2 /* DialPad */,
				8B36858119FB592900CF35D2 /* DialPadTests */,
				8B36856919FB592900CF35D2 /* Products */,
			);
			sourceTree = "<group>";
		};
		8B36856919FB592900CF35D2 /* Products */ = {
			isa = PBXGroup;
			children = (
				8B36856819FB592900CF35D2 /* DialPad.app */,
				8B36857E19FB592900CF35D2 /* DialPadTests.xctest */,
			);
			name = Products;
			sourceTree = "<group>";
		};
		8B36856A19FB592900CF35D2 /* DialPad */ = {
			isa = PBXGroup;
			children = (
				8B36856D19FB592900CF35D2 /* AppDelegate.h */,
				8B36856E19FB592900CF35D2 /* AppDelegate.m */,
				8B36857219FB592900CF35D2 /* ViewController.h */,
				8B36857319FB592900CF35D2 /* ViewController.m */,
				8B36857519FB592900CF35D2 /* Images.xcassets */,
				8B36857719FB592900CF35D2 /* Main.storyboard */,
				8B36856B19FB592900CF35D2 /* Supporting Files */,
			);
			path = DialPad;
			sourceTree = "<group>";
		};
		8B36856B19FB592900CF35D2 /* Supporting Files */ = {
			isa = PBXGroup;
			children = (
				8B36856C19FB592900CF35D2 /* Info.plist */,
				8B36857019FB592900CF35D2 /* main.m */,
			);
			name = "Supporting Files";
			sourceTree = "<group>";
		};
		8B36858119FB592900CF35D2 /* DialPadTests */ = {
			isa = PBXGroup;
			children = (
				8B36858419FB592900CF35D2 /* DialPadTests.m */,
				8B36858219FB592900CF35D2 /* Supporting Files */,
			);
			path = DialPadTests;
			sourceTree = "<group>";
		};
		8B36858219FB592900CF35D2 /* Supporting Files */ = {
			isa = PBXGroup;
			children = (
				8B36858319FB592900CF35D2 /* Info.plist */,
			);
			name = "Supporting Files";
			sourceTree = "<group>";
		};
/* End PBXGroup section */

/* Begin PBXNativeTarget section */
		8B36856719FB592900CF35D2 /* DialPad */ = {
			isa = PBXNativeTarget;
			buildConfigurationList = 8B36858819FB592900CF35D2 /* Build configuration list for PBXNativeTarget "DialPad" */;
			buildPhases = (
				8B36856419FB592900CF35D2 /* Sources */,
				8B36856519FB592900CF35D2 /* Frameworks */,
				8B36856619FB592900CF35D2 /* Resources */,
			);
			buildRules = (
			);
			dependencies = (
			);
			name = DialPad;
			productName = DialPad;
			productReference = 8B36856819FB592900CF35D2 /* DialPad.app */;
			productType = "com.apple.product-type.application";
		};
		8B36857D19FB592900CF35D2 /* DialPadTests */ = {
			isa = PBXNativeTarget;
			buildConfigurationList = 8B36858B19FB592900CF35D2 /* Build configuration list for PBXNativeTarget "DialPadTests" */;
			buildPhases = (
				8B36857A19FB592900CF35D2 /* Sources */,
				8B36857B19FB592900CF35D2 /* Frameworks */,
				8B36857C19FB592900CF35D2 /* Resources */,
			);
			buildRules = (
			);
			dependencies = (
				8B36858019FB592900CF35D2 /* PBXTargetDependency */,
			);
			name = DialPadTests;
			productName = DialPadTests;
			productReference = 8B36857E19FB592900CF35D2 /* DialPadTests.xctest */;
			productType = "com.apple.product-type.bundle.unit-test";
		};
/* End PBXNativeTarget section */

/* Begin PBXProject section */
		8B36856019FB592900CF35D2 /* Project object */ = {
			isa = PBXProject;
			attributes = {
				LastUpgradeCheck = 0610;
				ORGANIZATIONNAME = "Xiao Zhu";
				TargetAttributes = {
					8B36856719FB592900CF35D2 = {
						CreatedOnToolsVersion = 6.1;
					};
					8B36857D19FB592900CF35D2 = {
						CreatedOnToolsVersion = 6.1;
						TestTargetID = 8B36856719FB592900CF35D2;
					};
				};
			};
			buildConfigurationList = 8B36856319FB592900CF35D2 /* Build configuration list for PBXProject "DialPad" */;
			compatibilityVersion = "Xcode 3.2";
			developmentRegion = English;
			hasScannedForEncodings = 0;
			knownRegions = (
				en,
				Base,
			);
			mainGroup = 8B36855F19FB592900CF35D2;
			productRefGroup = 8B36856919FB592900CF35D2 /* Products */;
			projectDirPath = "";
			projectRoot = "";
			targets = (
				8B36856719FB592900CF35D2 /* DialPad */,
				8B36857D19FB592900CF35D2 /* DialPadTests */,
			);
		};
/* End PBXProject section */

/* Begin PBXResourcesBuildPhase section */
		8B36856619FB592900CF35D2 /* Resources */ = {
			isa = PBXResourcesBuildPhase;
			buildActionMask = 2147483647;
			files = (
				8B36857619FB592900CF35D2 /* Images.xcassets in Resources */,
				8B36857919FB592900CF35D2 /* Main.storyboard in Resources */,
			);
			runOnlyForDeploymentPostprocessing = 0;
		};
		8B36857C19FB592900CF35D2 /* Resources */ = {
			isa = PBXResourcesBuildPhase;
			buildActionMask = 2147483647;
			files = (
			);
			runOnlyForDeploymentPostprocessing = 0;
		};
/* End PBXResourcesBuildPhase section */

/* Begin PBXSourcesBuildPhase section */
		8B36856419FB592900CF35D2 /* Sources */ = {
			isa = PBXSourcesBuildPhase;
			buildActionMask = 2147483647;
			files = (
				8B36857419FB592900CF35D2 /* ViewController.m in Sources */,
				8B36857119FB592900CF35D2 /* main.m in Sources */,
				8B36856F19FB592900CF35D2 /* AppDelegate.m in Sources */,
			);
			runOnlyForDeploymentPostprocessing = 0;
		};
		8B36857A19FB592900CF35D2 /* Sources */ = {
			isa = PBXSourcesBuildPhase;
			buildActionMask = 2147483647;
			files = (
				8B36858519FB592900CF35D2 /* DialPadTests.m in Sources */,
			);
			runOnlyForDeploymentPostprocessing = 0;
		};
/* End PBXSourcesBuildPhase section */

/* Begin PBXTargetDependency section */
		8B36858019FB592900CF35D2 /* PBXTargetDependency */ = {
			isa = PBXTargetDependency;
			target = 8B36856719FB592900CF35D2 /* DialPad */;
			targetProxy = 8B36857F19FB592900CF35D2 /* PBXContainerItemProxy */;
		};
/* End PBXTargetDependency section */

/* Begin PBXVariantGroup section */
		8B36857719FB592900CF35D2 /* Main.storyboard */ = {
			isa = PBXVariantGroup;
			children = (
				8B36857819FB592900CF35D2 /* Base */,
			);
			name = Main.storyboard;
			sourceTree = "<group>";
		};
/* End PBXVariantGroup section */

/* Begin XCBuildConfiguration section */
		8B36858619FB592900CF35D2 /* Debug */ = {
			isa = XCBuildConfiguration;
			buildSettings = {
				ALWAYS_SEARCH_USER_PATHS = NO;
				CLANG_CXX_LANGUAGE_STANDARD = "gnu++0x";
				CLANG_CXX_LIBRARY = "libc++";
				CLANG_ENABLE_MODULES = YES;
				CLANG_ENABLE_OBJC_ARC = YES;
				CLANG_WARN_BOOL_CONVERSION = YES;
				CLANG_WARN_CONSTANT_CONVERSION = YES;
				CLANG_WARN_DIRECT_OBJC_ISA_USAGE = YES_ERROR;
				CLANG_WARN_EMPTY_BODY = YES;
				CLANG_WARN_ENUM_CONVERSION = YES;
				CLANG_WARN_INT_CONVERSION = YES;
				CLANG_WARN_OBJC_ROOT_CLASS = YES_ERROR;
				CLANG_WARN_UNREACHABLE_CODE = YES;
				CLANG_WARN__DUPLICATE_METHOD_MATCH = YES;
				CODE_SIGN_IDENTITY = "-";
				COPY_PHASE_STRIP = NO;
				ENABLE_STRICT_OBJC_MSGSEND = YES;
				GCC_C_LANGUAGE_STANDARD = gnu99;
				GCC_DYNAMIC_NO_PIC = NO;
				GCC_OPTIMIZATION_LEVEL = 0;
				GCC_PREPROCESSOR_DEFINITIONS = (
					"DEBUG=1",
					"$(inherited)",
				);
				GCC_SYMBOLS_PRIVATE_EXTERN = NO;
				GCC_WARN_64_TO_32_BIT_CONVERSION = YES;
				GCC_WARN_ABOUT_RETURN_TYPE = YES_ERROR;
				GCC_WARN_UNDECLARED_SELECTOR = YES;
				GCC_WARN_UNINITIALIZED_AUTOS = YES_AGGRESSIVE;
				GCC_WARN_UNUSED_FUNCTION = YES;
				GCC_WARN_UNUSED_VARIABLE = YES;
				MACOSX_DEPLOYMENT_TARGET = 10.10;
				MTL_ENABLE_DEBUG_INFO = YES;
				ONLY_ACTIVE_ARCH = YES;
				SDKROOT = macosx;
			};
			name = Debug;
		};
		8B36858719FB592900CF35D2 /* Release */ = {
			isa = XCBuildConfiguration;
			buildSettings = {
				ALWAYS_SEARCH_USER_PATHS = NO;
				CLANG_CXX_LANGUAGE_STANDARD = "gnu++0x";
				CLANG_CXX_LIBRARY = "libc++";
				CLANG_ENABLE_MODULES = YES;
				CLANG_ENABLE_OBJC_ARC = YES;
				CLANG_WARN_BOOL_CONVERSION = YES;
				CLANG_WARN_CONSTANT_CONVERSION = YES;
				CLANG_WARN_DIRECT_OBJC_ISA_USAGE = YES_ERROR;
				CLANG_WARN_EMPTY_BODY = YES;
				CLANG_WARN_ENUM_CONVERSION = YES;
				CLANG_WARN_INT_CONVERSION = YES;
				CLANG_WARN_OBJC_ROOT_CLASS = YES_ERROR;
				CLANG_WARN_UNREACHABLE_CODE = YES;
				CLANG_WARN__DUPLICATE_METHOD_MATCH = YES;
				CODE_SIGN_IDENTITY = "-";
				COPY_PHASE_STRIP = YES;
				DEBUG_INFORMATION_FORMAT = "dwarf-with-dsym";
				ENABLE_NS_ASSERTIONS = NO;
				ENABLE_STRICT_OBJC_MSGSEND = YES;
				GCC_C_LANGUAGE_STANDARD = gnu99;
				GCC_WARN_64_TO_32_BIT_CONVERSION = YES;
				GCC_WARN_ABOUT_RETURN_TYPE = YES_ERROR;
				GCC_WARN_UNDECLARED_SELECTOR = YES;
				GCC_WARN_UNINITIALIZED_AUTOS = YES_AGGRESSIVE;
				GCC_WARN_UNUSED_FUNCTION = YES;
				GCC_WARN_UNUSED_VARIABLE = YES;
				MACOSX_DEPLOYMENT_TARGET = 10.10;
				MTL_ENABLE_DEBUG_INFO = NO;
				SDKROOT = macosx;
			};
			name = Release;
		};
		8B36858919FB592900CF35D2 /* Debug */ = {
			isa = XCBuildConfiguration;
			buildSettings = {
				ASSETCATALOG_COMPILER_APPICON_NAME = AppIcon;
				COMBINE_HIDPI_IMAGES = YES;
				INFOPLIST_FILE = DialPad/Info.plist;
				LD_RUNPATH_SEARCH_PATHS = "$(inherited) @executable_path/../Frameworks";
				PRODUCT_NAME = "$(TARGET_NAME)";
			};
			name = Debug;
		};
		8B36858A19FB592900CF35D2 /* Release */ = {
			isa = XCBuildConfiguration;
			buildSettings = {
				ASSETCATALOG_COMPILER_APPICON_NAME = AppIcon;
				COMBINE_HIDPI_IMAGES = YES;
				INFOPLIST_FILE = DialPad/Info.plist;
				LD_RUNPATH_SEARCH_PATHS = "$(inherited) @executable_path/../Frameworks";
				PRODUCT_NAME = "$(TARGET_NAME)";
			};
			name = Release;
		};
		8B36858C19FB592900CF35D2 /* Debug */ = {
			isa = XCBuildConfiguration;
			buildSettings = {
				BUNDLE_LOADER = "$(TEST_HOST)";
				COMBINE_HIDPI_IMAGES = YES;
				FRAMEWORK_SEARCH_PATHS = (
					"$(DEVELOPER_FRAMEWORKS_DIR)",
					"$(inherited)",
				);
				GCC_PREPROCESSOR_DEFINITIONS = (
					"DEBUG=1",
					"$(inherited)",
				);
				INFOPLIST_FILE = DialPadTests/Info.plist;
				LD_RUNPATH_SEARCH_PATHS = "$(inherited) @executable_path/../Frameworks @loader_path/../Frameworks";
				PRODUCT_NAME = "$(TARGET_NAME)";
				TEST_HOST = "$(BUILT_PRODUCTS_DIR)/DialPad.app/Contents/MacOS/DialPad";
			};
			name = Debug;
		};
		8B36858D19FB592900CF35D2 /* Release */ = {
			isa = XCBuildConfiguration;
			buildSettings = {
				BUNDLE_LOADER = "$(TEST_HOST)";
				COMBINE_HIDPI_IMAGES = YES;
				FRAMEWORK_SEARCH_PATHS = (
					"$(DEVELOPER_FRAMEWORKS_DIR)",
					"$(inherited)",
				);
				INFOPLIST_FILE = DialPadTests/Info.plist;
				LD_RUNPATH_SEARCH_PATHS = "$(inherited) @executable_path/../Frameworks @loader_path/../Frameworks";
				PRODUCT_NAME = "$(TARGET_NAME)";
				TEST_HOST = "$(BUILT_PRODUCTS_DIR)/DialPad.app/Contents/MacOS/DialPad";
			};
			name = Release;
		};
/* End XCBuildConfiguration section */

/* Begin XCConfigurationList section */
		8B36856319FB592900CF35D2 /* Build configuration list for PBXProject "DialPad" */ = {
			isa = XCConfigurationList;
			buildConfigurations = (
				8B36858619FB592900CF35D2 /* Debug */,
				8B36858719FB592900CF35D2 /* Release */,
			);
			defaultConfigurationIsVisible = 0;
			defaultConfigurationName = Release;
		};
		8B36858819FB592900CF35D2 /* Build configuration list for PBXNativeTarget "DialPad" */ = {
			isa = XCConfigurationList;
			buildConfigurations = (
				8B36858919FB592900CF35D2 /* Debug */,
				8B36858A19FB592900CF35D2 /* Release */,
			);
			defaultConfigurationIsVisible = 0;
		};
		8B36858B19FB592900CF35D2 /* Build configuration list for PBXNativeTarget "DialPadTests" */ = {
			isa = XCConfigurationList;
			buildConfigurations = (
				8B36858C19FB592900CF35D2 /* Debug */,
				8B36858D19FB592900CF35D2 /* Release */,
			);
			defaultConfigurationIsVisible = 0;
		};
/* End XCConfigurationList section */
	};
	rootObject = 8B36856019FB592900CF35D2 /* Project object */;
}
